// !$*UTF8*$!
{
	archiveVersion = 1;
	classes = {
	};
	objectVersion = 46;
	objects = {

/* Begin PBXBuildFile section */
		FF93770C19F989C600CC4CF1 /* AppDelegate.swift in Sources */ = {isa = PBXBuildFile; fileRef = FF93770B19F989C600CC4CF1 /* AppDelegate.swift */; };
		FF93770E19F989C600CC4CF1 /* ViewController.swift in Sources */ = {isa = PBXBuildFile; fileRef = FF93770D19F989C600CC4CF1 /* ViewController.swift */; };
		FF93771119F989C600CC4CF1 /* Main.storyboard in Resources */ = {isa = PBXBuildFile; fileRef = FF93770F19F989C600CC4CF1 /* Main.storyboard */; };
		FF93771319F989C600CC4CF1 /* Images.xcassets in Resources */ = {isa = PBXBuildFile; fileRef = FF93771219F989C600CC4CF1 /* Images.xcassets */; };
		FF93771619F989C600CC4CF1 /* LaunchScreen.xib in Resources */ = {isa = PBXBuildFile; fileRef = FF93771419F989C600CC4CF1 /* LaunchScreen.xib */; };
		FF93772219F989C600CC4CF1 /* FilmLoupeTests.swift in Sources */ = {isa = PBXBuildFile; fileRef = FF93772119F989C600CC4CF1 /* FilmLoupeTests.swift */; };
/* End PBXBuildFile section */

/* Begin PBXContainerItemProxy section */
		FF93771C19F989C600CC4CF1 /* PBXContainerItemProxy */ = {
			isa = PBXContainerItemProxy;
			containerPortal = FF9376FE19F989C600CC4CF1 /* Project object */;
			proxyType = 1;
			remoteGlobalIDString = FF93770519F989C600CC4CF1;
			remoteInfo = FilmLoupe;
		};
/* End PBXContainerItemProxy section */

/* Begin PBXFileReference section */
		FF93770619F989C600CC4CF1 /* FilmLoupe.app */ = {isa = PBXFileReference; explicitFileType = wrapper.application; includeInIndex = 0; path = FilmLoupe.app; sourceTree = BUILT_PRODUCTS_DIR; };
		FF93770A19F989C600CC4CF1 /* Info.plist */ = {isa = PBXFileReference; lastKnownFileType = text.plist.xml; path = Info.plist; sourceTree = "<group>"; };
		FF93770B19F989C600CC4CF1 /* AppDelegate.swift */ = {isa = PBXFileReference; lastKnownFileType = sourcecode.swift; path = AppDelegate.swift; sourceTree = "<group>"; };
		FF93770D19F989C600CC4CF1 /* ViewController.swift */ = {isa = PBXFileReference; lastKnownFileType = sourcecode.swift; path = ViewController.swift; sourceTree = "<group>"; };
		FF93771019F989C600CC4CF1 /* Base */ = {isa = PBXFileReference; lastKnownFileType = file.storyboard; name = Base; path = Base.lproj/Main.storyboard; sourceTree = "<group>"; };
		FF93771219F989C600CC4CF1 /* Images.xcassets */ = {isa = PBXFileReference; lastKnownFileType = folder.assetcatalog; path = Images.xcassets; sourceTree = "<group>"; };
		FF93771519F989C600CC4CF1 /* Base */ = {isa = PBXFileReference; lastKnownFileType = file.xib; name = Base; path = Base.lproj/LaunchScreen.xib; sourceTree = "<group>"; };
		FF93771B19F989C600CC4CF1 /* FilmLoupeTests.xctest */ = {isa = PBXFileReference; explicitFileType = wrapper.cfbundle; includeInIndex = 0; path = FilmLoupeTests.xctest; sourceTree = BUILT_PRODUCTS_DIR; };
		FF93772019F989C600CC4CF1 /* Info.plist */ = {isa = PBXFileReference; lastKnownFileType = text.plist.xml; path = Info.plist; sourceTree = "<group>"; };
		FF93772119F989C600CC4CF1 /* FilmLoupeTests.swift */ = {isa = PBXFileReference; lastKnownFileType = sourcecode.swift; path = FilmLoupeTests.swift; sourceTree = "<group>"; };
/* End PBXFileReference section */

/* Begin PBXFrameworksBuildPhase section */
		FF93770319F989C600CC4CF1 /* Frameworks */ = {
			isa = PBXFrameworksBuildPhase;
			buildActionMask = 2147483647;
			files = (
			);
			runOnlyForDeploymentPostprocessing = 0;
		};
		FF93771819F989C600CC4CF1 /* Frameworks */ = {
			isa = PBXFrameworksBuildPhase;
			buildActionMask = 2147483647;
			files = (
			);
			runOnlyForDeploymentPostprocessing = 0;
		};
/* End PBXFrameworksBuildPhase section */

/* Begin PBXGroup section */
		FF9376FD19F989C600CC4CF1 = {
			isa = PBXGroup;
			children = (
				FF93770819F989C600CC4CF1 /* FilmLoupe */,
				FF93771E19F989C600CC4CF1 /* FilmLoupeTests */,
				FF93770719F989C600CC4CF1 /* Products */,
			);
			sourceTree = "<group>";
		};
		FF93770719F989C600CC4CF1 /* Products */ = {
			isa = PBXGroup;
			children = (
				FF93770619F989C600CC4CF1 /* FilmLoupe.app */,
				FF93771B19F989C600CC4CF1 /* FilmLoupeTests.xctest */,
			);
			name = Products;
			sourceTree = "<group>";
		};
		FF93770819F989C600CC4CF1 /* FilmLoupe */ = {
			isa = PBXGroup;
			children = (
				FF93770B19F989C600CC4CF1 /* AppDelegate.swift */,
				FF93770D19F989C600CC4CF1 /* ViewController.swift */,
				FF93770F19F989C600CC4CF1 /* Main.storyboard */,
				FF93771219F989C600CC4CF1 /* Images.xcassets */,
				FF93771419F989C600CC4CF1 /* LaunchScreen.xib */,
				FF93770919F989C600CC4CF1 /* Supporting Files */,
			);
			path = FilmLoupe;
			sourceTree = "<group>";
		};
		FF93770919F989C600CC4CF1 /* Supporting Files */ = {
			isa = PBXGroup;
			children = (
				FF93770A19F989C600CC4CF1 /* Info.plist */,
			);
			name = "Supporting Files";
			sourceTree = "<group>";
		};
		FF93771E19F989C600CC4CF1 /* FilmLoupeTests */ = {
			isa = PBXGroup;
			children = (
				FF93772119F989C600CC4CF1 /* FilmLoupeTests.swift */,
				FF93771F19F989C600CC4CF1 /* Supporting Files */,
			);
			path = FilmLoupeTests;
			sourceTree = "<group>";
		};
		FF93771F19F989C600CC4CF1 /* Supporting Files */ = {
			isa = PBXGroup;
			children = (
				FF93772019F989C600CC4CF1 /* Info.plist */,
			);
			name = "Supporting Files";
			sourceTree = "<group>";
		};
/* End PBXGroup section */

/* Begin PBXNativeTarget section */
		FF93770519F989C600CC4CF1 /* Loupe */ = {
			isa = PBXNativeTarget;
			buildConfigurationList = FF93772519F989C600CC4CF1 /* Build configuration list for PBXNativeTarget "Loupe" */;
			buildPhases = (
				FF93770219F989C600CC4CF1 /* Sources */,
				FF93770319F989C600CC4CF1 /* Frameworks */,
				FF93770419F989C600CC4CF1 /* Resources */,
			);
			buildRules = (
			);
			dependencies = (
			);
			name = Loupe;
			productName = FilmLoupe;
			productReference = FF93770619F989C600CC4CF1 /* FilmLoupe.app */;
			productType = "com.apple.product-type.application";
		};
		FF93771A19F989C600CC4CF1 /* FilmLoupeTests */ = {
			isa = PBXNativeTarget;
			buildConfigurationList = FF93772819F989C600CC4CF1 /* Build configuration list for PBXNativeTarget "FilmLoupeTests" */;
			buildPhases = (
				FF93771719F989C600CC4CF1 /* Sources */,
				FF93771819F989C600CC4CF1 /* Frameworks */,
				FF93771919F989C600CC4CF1 /* Resources */,
			);
			buildRules = (
			);
			dependencies = (
				FF93771D19F989C600CC4CF1 /* PBXTargetDependency */,
			);
			name = FilmLoupeTests;
			productName = FilmLoupeTests;
			productReference = FF93771B19F989C600CC4CF1 /* FilmLoupeTests.xctest */;
			productType = "com.apple.product-type.bundle.unit-test";
		};
/* End PBXNativeTarget section */

/* Begin PBXProject section */
		FF9376FE19F989C600CC4CF1 /* Project object */ = {
			isa = PBXProject;
			attributes = {
				LastUpgradeCheck = 0610;
				ORGANIZATIONNAME = "Meyer Co.";
				TargetAttributes = {
					FF93770519F989C600CC4CF1 = {
						CreatedOnToolsVersion = 6.1;
					};
					FF93771A19F989C600CC4CF1 = {
						CreatedOnToolsVersion = 6.1;
						TestTargetID = FF93770519F989C600CC4CF1;
					};
				};
			};
			buildConfigurationList = FF93770119F989C600CC4CF1 /* Build configuration list for PBXProject "FilmLoupe" */;
			compatibilityVersion = "Xcode 3.2";
			developmentRegion = English;
			hasScannedForEncodings = 0;
			knownRegions = (
				en,
				Base,
			);
			mainGroup = FF9376FD19F989C600CC4CF1;
			productRefGroup = FF93770719F989C600CC4CF1 /* Products */;
			projectDirPath = "";
			projectRoot = "";
			targets = (
				FF93770519F989C600CC4CF1 /* Loupe */,
				FF93771A19F989C600CC4CF1 /* FilmLoupeTests */,
			);
		};
/* End PBXProject section */

/* Begin PBXResourcesBuildPhase section */
		FF93770419F989C600CC4CF1 /* Resources */ = {
			isa = PBXResourcesBuildPhase;
			buildActionMask = 2147483647;
			files = (
				FF93771119F989C600CC4CF1 /* Main.storyboard in Resources */,
				FF93771619F989C600CC4CF1 /* LaunchScreen.xib in Resources */,
				FF93771319F989C600CC4CF1 /* Images.xcassets in Resources */,
			);
			runOnlyForDeploymentPostprocessing = 0;
		};
		FF93771919F989C600CC4CF1 /* Resources */ = {
			isa = PBXResourcesBuildPhase;
			buildActionMask = 2147483647;
			files = (
			);
			runOnlyForDeploymentPostprocessing = 0;
		};
/* End PBXResourcesBuildPhase section */

/* Begin PBXSourcesBuildPhase section */
		FF93770219F989C600CC4CF1 /* Sources */ = {
			isa = PBXSourcesBuildPhase;
			buildActionMask = 2147483647;
			files = (
				FF93770E19F989C600CC4CF1 /* ViewController.swift in Sources */,
				FF93770C19F989C600CC4CF1 /* AppDelegate.swift in Sources */,
			);
			runOnlyForDeploymentPostprocessing = 0;
		};
		FF93771719F989C600CC4CF1 /* Sources */ = {
			isa = PBXSourcesBuildPhase;
			buildActionMask = 2147483647;
			files = (
				FF93772219F989C600CC4CF1 /* FilmLoupeTests.swift in Sources */,
			);
			runOnlyForDeploymentPostprocessing = 0;
		};
/* End PBXSourcesBuildPhase section */

/* Begin PBXTargetDependency section */
		FF93771D19F989C600CC4CF1 /* PBXTargetDependency */ = {
			isa = PBXTargetDependency;
			target = FF93770519F989C600CC4CF1 /* Loupe */;
			targetProxy = FF93771C19F989C600CC4CF1 /* PBXContainerItemProxy */;
		};
/* End PBXTargetDependency section */

/* Begin PBXVariantGroup section */
		FF93770F19F989C600CC4CF1 /* Main.storyboard */ = {
			isa = PBXVariantGroup;
			children = (
				FF93771019F989C600CC4CF1 /* Base */,
			);
			name = Main.storyboard;
			sourceTree = "<group>";
		};
		FF93771419F989C600CC4CF1 /* LaunchScreen.xib */ = {
			isa = PBXVariantGroup;
			children = (
				FF93771519F989C600CC4CF1 /* Base */,
			);
			name = LaunchScreen.xib;
			sourceTree = "<group>";
		};
/* End PBXVariantGroup section */

/* Begin XCBuildConfiguration section */
		FF93772319F989C600CC4CF1 /* Debug */ = {
			isa = XCBuildConfiguration;
			buildSettings = {
				ALWAYS_SEARCH_USER_PATHS = NO;
				CLANG_CXX_LANGUAGE_STANDARD = "gnu++0x";
				CLANG_CXX_LIBRARY = "libc++";
				CLANG_ENABLE_MODULES = YES;
				CLANG_ENABLE_OBJC_ARC = YES;
				CLANG_WARN_BOOL_CONVERSION = YES;
				CLANG_WARN_CONSTANT_CONVERSION = YES;
				CLANG_WARN_DIRECT_OBJC_ISA_USAGE = YES_ERROR;
				CLANG_WARN_EMPTY_BODY = YES;
				CLANG_WARN_ENUM_CONVERSION = YES;
				CLANG_WARN_INT_CONVERSION = YES;
				CLANG_WARN_OBJC_ROOT_CLASS = YES_ERROR;
				CLANG_WARN_UNREACHABLE_CODE = YES;
				CLANG_WARN__DUPLICATE_METHOD_MATCH = YES;
				"CODE_SIGN_IDENTITY[sdk=iphoneos*]" = "iPhone Developer";
				COPY_PHASE_STRIP = NO;
				ENABLE_STRICT_OBJC_MSGSEND = YES;
				GCC_C_LANGUAGE_STANDARD = gnu99;
				GCC_DYNAMIC_NO_PIC = NO;
				GCC_OPTIMIZATION_LEVEL = 0;
				GCC_PREPROCESSOR_DEFINITIONS = (
					"DEBUG=1",
					"$(inherited)",
				);
				GCC_SYMBOLS_PRIVATE_EXTERN = NO;
				GCC_WARN_64_TO_32_BIT_CONVERSION = YES;
				GCC_WARN_ABOUT_RETURN_TYPE = YES_ERROR;
				GCC_WARN_UNDECLARED_SELECTOR = YES;
				GCC_WARN_UNINITIALIZED_AUTOS = YES_AGGRESSIVE;
				GCC_WARN_UNUSED_FUNCTION = YES;
				GCC_WARN_UNUSED_VARIABLE = YES;
				IPHONEOS_DEPLOYMENT_TARGET = 8.1;
				MTL_ENABLE_DEBUG_INFO = YES;
				ONLY_ACTIVE_ARCH = YES;
				PRODUCT_NAME = "";
				SDKROOT = iphoneos;
				SWIFT_OPTIMIZATION_LEVEL = "-Onone";
				TARGETED_DEVICE_FAMILY = "1,2";
			};
			name = Debug;
		};
		FF93772419F989C600CC4CF1 /* Release */ = {
			isa = XCBuildConfiguration;
			buildSettings = {
				ALWAYS_SEARCH_USER_PATHS = NO;
				CLANG_CXX_LANGUAGE_STANDARD = "gnu++0x";
				CLANG_CXX_LIBRARY = "libc++";
				CLANG_ENABLE_MODULES = YES;
				CLANG_ENABLE_OBJC_ARC = YES;
				CLANG_WARN_BOOL_CONVERSION = YES;
				CLANG_WARN_CONSTANT_CONVERSION = YES;
				CLANG_WARN_DIRECT_OBJC_ISA_USAGE = YES_ERROR;
				CLANG_WARN_EMPTY_BODY = YES;
				CLANG_WARN_ENUM_CONVERSION = YES;
				CLANG_WARN_INT_CONVERSION = YES;
				CLANG_WARN_OBJC_ROOT_CLASS = YES_ERROR;
				CLANG_WARN_UNREACHABLE_CODE = YES;
				CLANG_WARN__DUPLICATE_METHOD_MATCH = YES;
				"CODE_SIGN_IDENTITY[sdk=iphoneos*]" = "iPhone Developer";
				COPY_PHASE_STRIP = YES;
				ENABLE_NS_ASSERTIONS = NO;
				ENABLE_STRICT_OBJC_MSGSEND = YES;
				GCC_C_LANGUAGE_STANDARD = gnu99;
				GCC_WARN_64_TO_32_BIT_CONVERSION = YES;
				GCC_WARN_ABOUT_RETURN_TYPE = YES_ERROR;
				GCC_WARN_UNDECLARED_SELECTOR = YES;
				GCC_WARN_UNINITIALIZED_AUTOS = YES_AGGRESSIVE;
				GCC_WARN_UNUSED_FUNCTION = YES;
				GCC_WARN_UNUSED_VARIABLE = YES;
				IPHONEOS_DEPLOYMENT_TARGET = 8.1;
				MTL_ENABLE_DEBUG_INFO = NO;
				PRODUCT_NAME = "";
				SDKROOT = iphoneos;
				TARGETED_DEVICE_FAMILY = "1,2";
				VALIDATE_PRODUCT = YES;
			};
			name = Release;
		};
		FF93772619F989C600CC4CF1 /* Debug */ = {
			isa = XCBuildConfiguration;
			buildSettings = {
				ASSETCATALOG_COMPILER_APPICON_NAME = AppIcon;
				INFOPLIST_FILE = FilmLoupe/Info.plist;
				LD_RUNPATH_SEARCH_PATHS = "$(inherited) @executable_path/Frameworks";
				PRODUCT_NAME = "$(TARGET_NAME)";
			};
			name = Debug;
		};
		FF93772719F989C600CC4CF1 /* Release */ = {
			isa = XCBuildConfiguration;
			buildSettings = {
				ASSETCATALOG_COMPILER_APPICON_NAME = AppIcon;
				INFOPLIST_FILE = FilmLoupe/Info.plist;
				LD_RUNPATH_SEARCH_PATHS = "$(inherited) @executable_path/Frameworks";
				PRODUCT_NAME = "$(TARGET_NAME)";
			};
			name = Release;
		};
		FF93772919F989C600CC4CF1 /* Debug */ = {
			isa = XCBuildConfiguration;
			buildSettings = {
				BUNDLE_LOADER = "$(TEST_HOST)";
				FRAMEWORK_SEARCH_PATHS = (
					"$(SDKROOT)/Developer/Library/Frameworks",
					"$(inherited)",
				);
				GCC_PREPROCESSOR_DEFINITIONS = (
					"DEBUG=1",
					"$(inherited)",
				);
				INFOPLIST_FILE = FilmLoupeTests/Info.plist;
				LD_RUNPATH_SEARCH_PATHS = "$(inherited) @executable_path/Frameworks @loader_path/Frameworks";
				PRODUCT_NAME = "$(TARGET_NAME)";
				TEST_HOST = "$(BUILT_PRODUCTS_DIR)/FilmLoupe.app/FilmLoupe";
			};
			name = Debug;
		};
		FF93772A19F989C600CC4CF1 /* Release */ = {
			isa = XCBuildConfiguration;
			buildSettings = {
				BUNDLE_LOADER = "$(TEST_HOST)";
				FRAMEWORK_SEARCH_PATHS = (
					"$(SDKROOT)/Developer/Library/Frameworks",
					"$(inherited)",
				);
				INFOPLIST_FILE = FilmLoupeTests/Info.plist;
				LD_RUNPATH_SEARCH_PATHS = "$(inherited) @executable_path/Frameworks @loader_path/Frameworks";
				PRODUCT_NAME = "$(TARGET_NAME)";
				TEST_HOST = "$(BUILT_PRODUCTS_DIR)/FilmLoupe.app/FilmLoupe";
			};
			name = Release;
		};
/* End XCBuildConfiguration section */

/* Begin XCConfigurationList section */
		FF93770119F989C600CC4CF1 /* Build configuration list for PBXProject "FilmLoupe" */ = {
			isa = XCConfigurationList;
			buildConfigurations = (
				FF93772319F989C600CC4CF1 /* Debug */,
				FF93772419F989C600CC4CF1 /* Release */,
			);
			defaultConfigurationIsVisible = 0;
			defaultConfigurationName = Release;
		};
		FF93772519F989C600CC4CF1 /* Build configuration list for PBXNativeTarget "Loupe" */ = {
			isa = XCConfigurationList;
			buildConfigurations = (
				FF93772619F989C600CC4CF1 /* Debug */,
				FF93772719F989C600CC4CF1 /* Release */,
			);
			defaultConfigurationIsVisible = 0;
			defaultConfigurationName = Release;
		};
		FF93772819F989C600CC4CF1 /* Build configuration list for PBXNativeTarget "FilmLoupeTests" */ = {
			isa = XCConfigurationList;
			buildConfigurations = (
				FF93772919F989C600CC4CF1 /* Debug */,
				FF93772A19F989C600CC4CF1 /* Release */,
			);
			defaultConfigurationIsVisible = 0;
			defaultConfigurationName = Release;
		};
/* End XCConfigurationList section */
	};
	rootObject = FF9376FE19F989C600CC4CF1 /* Project object */;
}
